{
	"requires": true,
	"lockfileVersion": 1,
	"dependencies": {
		"async-limiter": {
			"version": "1.0.0",
			"resolved": "https://registry.npmjs.org/async-limiter/-/async-limiter-1.0.0.tgz",
			"integrity": "sha512-jp/uFnooOiO+L211eZOoSyzpOITMXx1rBITauYykG3BRYPu8h0UcxsPNB04RR5vo4Tyz3+ay17tR6JVf9qzYWg=="
		},
		"boom": {
			"version": "7.2.0",
			"resolved": "https://registry.npmjs.org/boom/-/boom-7.2.0.tgz",
			"integrity": "sha1-K/8kpVVldn/ehp7ICDF+sQxI6WY=",
			"requires": {
				"hoek": "5.0.3"
			}
		},
		"bounce": {
			"version": "1.2.0",
			"resolved": "https://registry.npmjs.org/bounce/-/bounce-1.2.0.tgz",
			"integrity": "sha512-8syCGe8B2/WC53118/F/tFy5aW00j+eaGPXmAUP7iBhxc+EBZZxS1vKelWyBCH6IqojgS2t1gF0glH30qAJKEw==",
			"requires": {
				"boom": "7.2.0",
				"hoek": "5.0.3"
			}
		},
		"call": {
			"version": "5.0.1",
			"resolved": "https://registry.npmjs.org/call/-/call-5.0.1.tgz",
			"integrity": "sha512-ollfFPSshiuYLp7AsrmpkQJ/PxCi6AzV81rCjBwWhyF2QGyUY/vPDMzoh4aUcWyucheRglG2LaS5qkIEfLRh6A==",
			"requires": {
				"boom": "7.2.0",
				"hoek": "5.0.3"
			}
		},
		"cryptiles": {
			"version": "4.1.2",
			"resolved": "https://registry.npmjs.org/cryptiles/-/cryptiles-4.1.2.tgz",
			"integrity": "sha512-U2ALcoAHvA1oO2xOreyHvtkQ+IELqDG2WVWRI1GH/XEmmfGIOalnM5MU5Dd2ITyWfr3m6kNqXiy8XuYyd4wKJw==",
			"requires": {
				"boom": "7.2.0"
			}
		},
		"hoek": {
			"version": "5.0.3",
			"resolved": "https://registry.npmjs.org/hoek/-/hoek-5.0.3.tgz",
			"integrity": "sha512-Bmr56pxML1c9kU+NS51SMFkiVQAb+9uFfXwyqR2tn4w2FPvmPt65eZ9aCcEfRXd9G74HkZnILC6p967pED4aiw=="
		},
		"iron": {
			"version": "5.0.4",
			"resolved": "https://registry.npmjs.org/iron/-/iron-5.0.4.tgz",
			"integrity": "sha512-7iQ5/xFMIYaNt9g2oiNiWdhrOTdRUMFaWENUd0KghxwPUhrIH8DUY8FEyLNTTzf75jaII+jMexLdY/2HfV61RQ==",
			"requires": {
				"boom": "7.2.0",
				"cryptiles": "4.1.2",
				"hoek": "5.0.3"
			}
		},
		"isemail": {
			"version": "3.1.2",
			"resolved": "https://registry.npmjs.org/isemail/-/isemail-3.1.2.tgz",
			"integrity": "sha512-zfRhJn9rFSGhzU5tGZqepRSAj3+g6oTOHxMGGriWNJZzyLPUK8H7VHpqKntegnW8KLyGA9zwuNaCoopl40LTpg==",
			"requires": {
				"punycode": "2.1.1"
			}
		},
		"joi": {
			"version": "13.4.0",
			"resolved": "https://registry.npmjs.org/joi/-/joi-13.4.0.tgz",
			"integrity": "sha512-JuK4GjEu6j7zr9FuVe2MAseZ6si/8/HaY0qMAejfDFHp7jcH4OKE937mIHM5VT4xDS0q7lpQbszbxKV9rm0yUg==",
			"requires": {
				"hoek": "5.0.3",
				"isemail": "3.1.2",
				"topo": "3.0.0"
			}
		},
		"nes": {
			"version": "9.0.0",
			"resolved": "https://registry.npmjs.org/nes/-/nes-9.0.0.tgz",
			"integrity": "sha512-TSyAqGHBtXIEfs+JLxmZAOxOTJHPAVkcRi8Z2VCYGPl1YO/KdLC6D63NQyu/BQgX28BbQpa9iEMklcACBzlRlA==",
			"requires": {
				"boom": "7.2.0",
				"bounce": "1.2.0",
				"call": "5.0.1",
				"cryptiles": "4.1.2",
				"hoek": "5.0.3",
				"iron": "5.0.4",
				"joi": "13.4.0",
				"teamwork": "3.0.1",
				"ws": "5.2.1"
			}
		},
		"punycode": {
			"version": "2.1.1",
			"resolved": "https://registry.npmjs.org/punycode/-/punycode-2.1.1.tgz",
			"integrity": "sha512-XRsRjdf+j5ml+y/6GKHPZbrF/8p2Yga0JPtdqTIY2Xe5ohJPD9saDJJLPvp9+NSBprVvevdXZybnj2cv8OEd0A=="
		},
		"teamwork": {
			"version": "3.0.1",
			"resolved": "https://registry.npmjs.org/teamwork/-/teamwork-3.0.1.tgz",
			"integrity": "sha512-hEkJIpDOfOYe9NYaLFk00zQbzZeKNCY8T2pRH3I13Y1mJwxaSQ6NEsjY5rCp+11ezCiZpWGoGFTbOuhg4qKevQ=="
		},
		"topo": {
			"version": "3.0.0",
			"resolved": "https://registry.npmjs.org/topo/-/topo-3.0.0.tgz",
			"integrity": "sha512-Tlu1fGlR90iCdIPURqPiufqAlCZYzLjHYVVbcFWDMcX7+tK8hdZWAfsMrD/pBul9jqHHwFjNdf1WaxA9vTRRhw==",
			"requires": {
				"hoek": "5.0.3"
			}
		},
		"ws": {
			"version": "5.2.1",
			"resolved": "https://registry.npmjs.org/ws/-/ws-5.2.1.tgz",
			"integrity": "sha512-2NkHdPKjDBj3CHdnAGNpmlliryKqF+n9MYXX7/wsVC4yqYocKreKNjydPDvT3wShAZnndlM0RytEfTALCDvz7A==",
			"requires": {
				"async-limiter": "1.0.0"
			}
		}
	}
}
